
Microsoft Visual Studio Solution File, Format Version 12.00
# Visual Studio Version 16
VisualStudioVersion = 16.0.31410.357
MinimumVisualStudioVersion = 10.0.40219.1
Project("{FAE04EC0-301F-11D3-BF4B-00C04F79EFBC}") = "DataverseWebApiPolly", "DataverseWebApiPolly\DataverseWebApiPolly.csproj", "{437F443B-868B-4D2F-A829-77F68C7D313C}"
EndProject
Global
	GlobalSection(SolutionConfigurationPlatforms) = preSolution
		Debug|Any CPU = Debug|Any CPU
		Release|Any CPU = Release|Any CPU
	EndGlobalSection
	GlobalSection(ProjectConfigurationPlatforms) = postSolution
		{437F443B-868B-4D2F-A829-77F68C7D313C}.Debug|Any CPU.ActiveCfg = Debug|Any CPU
		{437F443B-868B-4D2F-A829-77F68C7D313C}.Debug|Any CPU.Build.0 = Debug|Any CPU
		{437F443B-868B-4D2F-A829-77F68C7D313C}.Release|Any CPU.ActiveCfg = Release|Any CPU
		{437F443B-868B-4D2F-A829-77F68C7D313C}.Release|Any CPU.Build.0 = Release|Any CPU
	EndGlobalSection
	GlobalSection(SolutionProperties) = preSolution
		HideSolutionNode = FALSE
	EndGlobalSection
	GlobalSection(ExtensibilityGlobals) = postSolution
		SolutionGuid = {CBC60B2D-9CB8-41E6-B02C-0618A2915DD0}
	EndGlobalSection
EndGlobal
